
Microsoft Visual Studio Solution File, Format Version 12.00
# Visual Studio Version 17
VisualStudioVersion = 17.3.32922.545
MinimumVisualStudioVersion = 10.0.40219.1
Project("{FAE04EC0-301F-11D3-BF4B-00C04F79EFBC}") = "ExoApi", "ExoApi\ExoApi.csproj", "{F91C6F93-E5CE-4CA4-B10D-0338E4441593}"
EndProject
Global
	GlobalSection(SolutionConfigurationPlatforms) = preSolution
		Debug|Any CPU = Debug|Any CPU
		Release|Any CPU = Release|Any CPU
	EndGlobalSection
	GlobalSection(ProjectConfigurationPlatforms) = postSolution
		{F91C6F93-E5CE-4CA4-B10D-0338E4441593}.Debug|Any CPU.ActiveCfg = Debug|Any CPU
		{F91C6F93-E5CE-4CA4-B10D-0338E4441593}.Debug|Any CPU.Build.0 = Debug|Any CPU
		{F91C6F93-E5CE-4CA4-B10D-0338E4441593}.Release|Any CPU.ActiveCfg = Release|Any CPU
		{F91C6F93-E5CE-4CA4-B10D-0338E4441593}.Release|Any CPU.Build.0 = Release|Any CPU
	EndGlobalSection
	GlobalSection(SolutionProperties) = preSolution
		HideSolutionNode = FALSE
	EndGlobalSection
	GlobalSection(ExtensibilityGlobals) = postSolution
		SolutionGuid = {77D4EE89-164A-473E-B673-AD740BE3157D}
	EndGlobalSection
EndGlobal
